
Microsoft Visual Studio Solution File, Format Version 12.00
# Visual Studio 15
VisualStudioVersion = 15.0.26730.3
MinimumVisualStudioVersion = 10.0.40219.1
Project("{9A19103F-16F7-4668-BE54-9A1E7A4F7556}") = "NeoSharp.Application", "src\NeoSharp.Application\NeoSharp.Application.csproj", "{6629F48A-D208-451F-94FB-5874F3217787}"
EndProject
Project("{9A19103F-16F7-4668-BE54-9A1E7A4F7556}") = "NeoSharp.Application.Test", "test\NeoSharp.Application.Test\NeoSharp.Application.Test.csproj", "{F63C7424-695D-45DB-9E9B-6D30EA7B2F79}"
EndProject
Project("{9A19103F-16F7-4668-BE54-9A1E7A4F7556}") = "NeoSharp.Core", "src\NeoSharp.Core\NeoSharp.Core.csproj", "{B0C9D858-B84B-40AC-8ABA-65C50E2D5B58}"
EndProject
Project("{9A19103F-16F7-4668-BE54-9A1E7A4F7556}") = "NeoSharp.Core.Benchmark", "test\NeoSharp.Core.Benchmark\NeoSharp.Core.Benchmark.csproj", "{6BD620E7-1321-4B85-8B0C-CA00A9076D39}"
EndProject
Project("{9A19103F-16F7-4668-BE54-9A1E7A4F7556}") = "NeoSharp.Core.Test", "test\NeoSharp.Core.Test\NeoSharp.Core.Test.csproj", "{95F83280-0113-4E1F-8FFA-48B9749129CC}"
EndProject
Project("{9A19103F-16F7-4668-BE54-9A1E7A4F7556}") = "NeoSharp.Logging.NLog", "src\NeoSharp.Logging.NLog\NeoSharp.Logging.NLog.csproj", "{D68C8938-EFCA-4B6A-9D01-3FC3DE749EB7}"
EndProject
Project("{9A19103F-16F7-4668-BE54-9A1E7A4F7556}") = "NeoSharp.Persistence.CosmosDB", "src\NeoSharp.Persistence.CosmosDB\NeoSharp.Persistence.CosmosDB.csproj", "{6CD90B02-8B68-4638-8893-E09BB2B02644}"
EndProject
Project("{9A19103F-16F7-4668-BE54-9A1E7A4F7556}") = "NeoSharp.Persistence.RocksDB", "src\NeoSharp.Persistence.RocksDB\NeoSharp.Persistence.RocksDB.csproj", "{390C923B-0209-4E0F-8751-C84BC0C0FB76}"
EndProject
Project("{2150E333-8FDC-42A3-9474-1A3956D46DE8}") = "src", "src", "{049B9D65-5954-424B-8155-5726A60E24C5}"
EndProject
Project("{2150E333-8FDC-42A3-9474-1A3956D46DE8}") = "test", "test", "{1E81559D-7119-409A-9F67-9621D78081E3}"
EndProject
Global
	GlobalSection(SolutionConfigurationPlatforms) = preSolution
		Debug|Any CPU = Debug|Any CPU
		Release|Any CPU = Release|Any CPU
	EndGlobalSection
	GlobalSection(ProjectConfigurationPlatforms) = postSolution
		{6629F48A-D208-451F-94FB-5874F3217787}.Debug|Any CPU.ActiveCfg = Debug|Any CPU
		{6629F48A-D208-451F-94FB-5874F3217787}.Debug|Any CPU.Build.0 = Debug|Any CPU
		{6629F48A-D208-451F-94FB-5874F3217787}.Release|Any CPU.ActiveCfg = Release|Any CPU
		{6629F48A-D208-451F-94FB-5874F3217787}.Release|Any CPU.Build.0 = Release|Any CPU
		{F63C7424-695D-45DB-9E9B-6D30EA7B2F79}.Debug|Any CPU.ActiveCfg = Debug|Any CPU
		{F63C7424-695D-45DB-9E9B-6D30EA7B2F79}.Debug|Any CPU.Build.0 = Debug|Any CPU
		{F63C7424-695D-45DB-9E9B-6D30EA7B2F79}.Release|Any CPU.ActiveCfg = Release|Any CPU
		{F63C7424-695D-45DB-9E9B-6D30EA7B2F79}.Release|Any CPU.Build.0 = Release|Any CPU
		{B0C9D858-B84B-40AC-8ABA-65C50E2D5B58}.Debug|Any CPU.ActiveCfg = Debug|Any CPU
		{B0C9D858-B84B-40AC-8ABA-65C50E2D5B58}.Debug|Any CPU.Build.0 = Debug|Any CPU
		{B0C9D858-B84B-40AC-8ABA-65C50E2D5B58}.Release|Any CPU.ActiveCfg = Release|Any CPU
		{B0C9D858-B84B-40AC-8ABA-65C50E2D5B58}.Release|Any CPU.Build.0 = Release|Any CPU
		{6BD620E7-1321-4B85-8B0C-CA00A9076D39}.Debug|Any CPU.ActiveCfg = Debug|Any CPU
		{6BD620E7-1321-4B85-8B0C-CA00A9076D39}.Debug|Any CPU.Build.0 = Debug|Any CPU
		{6BD620E7-1321-4B85-8B0C-CA00A9076D39}.Release|Any CPU.ActiveCfg = Release|Any CPU
		{6BD620E7-1321-4B85-8B0C-CA00A9076D39}.Release|Any CPU.Build.0 = Release|Any CPU
		{95F83280-0113-4E1F-8FFA-48B9749129CC}.Debug|Any CPU.ActiveCfg = Debug|Any CPU
		{95F83280-0113-4E1F-8FFA-48B9749129CC}.Debug|Any CPU.Build.0 = Debug|Any CPU
		{95F83280-0113-4E1F-8FFA-48B9749129CC}.Release|Any CPU.ActiveCfg = Release|Any CPU
		{95F83280-0113-4E1F-8FFA-48B9749129CC}.Release|Any CPU.Build.0 = Release|Any CPU
		{D68C8938-EFCA-4B6A-9D01-3FC3DE749EB7}.Debug|Any CPU.ActiveCfg = Debug|Any CPU
		{D68C8938-EFCA-4B6A-9D01-3FC3DE749EB7}.Debug|Any CPU.Build.0 = Debug|Any CPU
		{D68C8938-EFCA-4B6A-9D01-3FC3DE749EB7}.Release|Any CPU.ActiveCfg = Release|Any CPU
		{D68C8938-EFCA-4B6A-9D01-3FC3DE749EB7}.Release|Any CPU.Build.0 = Release|Any CPU
		{6CD90B02-8B68-4638-8893-E09BB2B02644}.Debug|Any CPU.ActiveCfg = Debug|Any CPU
		{6CD90B02-8B68-4638-8893-E09BB2B02644}.Debug|Any CPU.Build.0 = Debug|Any CPU
		{6CD90B02-8B68-4638-8893-E09BB2B02644}.Release|Any CPU.ActiveCfg = Release|Any CPU
		{6CD90B02-8B68-4638-8893-E09BB2B02644}.Release|Any CPU.Build.0 = Release|Any CPU
		{390C923B-0209-4E0F-8751-C84BC0C0FB76}.Debug|Any CPU.ActiveCfg = Debug|Any CPU
		{390C923B-0209-4E0F-8751-C84BC0C0FB76}.Debug|Any CPU.Build.0 = Debug|Any CPU
		{390C923B-0209-4E0F-8751-C84BC0C0FB76}.Release|Any CPU.ActiveCfg = Release|Any CPU
		{390C923B-0209-4E0F-8751-C84BC0C0FB76}.Release|Any CPU.Build.0 = Release|Any CPU
	EndGlobalSection
	GlobalSection(SolutionProperties) = preSolution
		HideSolutionNode = FALSE
	EndGlobalSection
	GlobalSection(NestedProjects) = preSolution
		{6629F48A-D208-451F-94FB-5874F3217787} = {049B9D65-5954-424B-8155-5726A60E24C5}
		{F63C7424-695D-45DB-9E9B-6D30EA7B2F79} = {1E81559D-7119-409A-9F67-9621D78081E3}
		{B0C9D858-B84B-40AC-8ABA-65C50E2D5B58} = {049B9D65-5954-424B-8155-5726A60E24C5}
		{6BD620E7-1321-4B85-8B0C-CA00A9076D39} = {1E81559D-7119-409A-9F67-9621D78081E3}
		{95F83280-0113-4E1F-8FFA-48B9749129CC} = {1E81559D-7119-409A-9F67-9621D78081E3}
		{D68C8938-EFCA-4B6A-9D01-3FC3DE749EB7} = {049B9D65-5954-424B-8155-5726A60E24C5}
		{6CD90B02-8B68-4638-8893-E09BB2B02644} = {049B9D65-5954-424B-8155-5726A60E24C5}
		{390C923B-0209-4E0F-8751-C84BC0C0FB76} = {049B9D65-5954-424B-8155-5726A60E24C5}
	EndGlobalSection
	GlobalSection(ExtensibilityGlobals) = postSolution
		SolutionGuid = {0C0EE31A-D025-404A-8D06-FB883C62C9AD}
	EndGlobalSection
EndGlobal
